// !$*UTF8*$!
{
	archiveVersion = 1;
	classes = {
	};
	objectVersion = 46;
	objects = {

/* Begin PBXAggregateTarget section */
		4C7F1E9B1CD3507C00098A83 /* Cleanup Whitespace */ = {
			isa = PBXAggregateTarget;
			buildConfigurationList = 4C7F1E9E1CD3507C00098A83 /* Build configuration list for PBXAggregateTarget "Cleanup Whitespace" */;
			buildPhases = (
				4C7F1E9F1CD3508200098A83 /* Cleanup Whitespace */,
			);
			dependencies = (
			);
			name = "Cleanup Whitespace";
			productName = "Cleanup Whitespace";
		};
/* End PBXAggregateTarget section */

/* Begin PBXBuildFile section */
		4C29B2EE1BFB25C00086A2EF /* SQift.framework in Frameworks */ = {isa = PBXBuildFile; fileRef = 4C29B2E41BFB25C00086A2EF /* SQift.framework */; };
		4C29B3201BFB28330086A2EF /* SQift.framework in Frameworks */ = {isa = PBXBuildFile; fileRef = 4C29B3161BFB28330086A2EF /* SQift.framework */; };
		4C34E4241F58D76E006FE2CC /* ExpressibleByRowError.swift in Sources */ = {isa = PBXBuildFile; fileRef = 4C34E4231F58D76E006FE2CC /* ExpressibleByRowError.swift */; };
		4C34E4251F58D76E006FE2CC /* ExpressibleByRowError.swift in Sources */ = {isa = PBXBuildFile; fileRef = 4C34E4231F58D76E006FE2CC /* ExpressibleByRowError.swift */; };
		4C34E4261F58D76E006FE2CC /* ExpressibleByRowError.swift in Sources */ = {isa = PBXBuildFile; fileRef = 4C34E4231F58D76E006FE2CC /* ExpressibleByRowError.swift */; };
		4C34E4271F58D76E006FE2CC /* ExpressibleByRowError.swift in Sources */ = {isa = PBXBuildFile; fileRef = 4C34E4231F58D76E006FE2CC /* ExpressibleByRowError.swift */; };
		4C34E4291F58D781006FE2CC /* ExpressibleByRowErrorTests.swift in Sources */ = {isa = PBXBuildFile; fileRef = 4C34E4281F58D781006FE2CC /* ExpressibleByRowErrorTests.swift */; };
		4C34E42A1F58D781006FE2CC /* ExpressibleByRowErrorTests.swift in Sources */ = {isa = PBXBuildFile; fileRef = 4C34E4281F58D781006FE2CC /* ExpressibleByRowErrorTests.swift */; };
		4C34E42B1F58D781006FE2CC /* ExpressibleByRowErrorTests.swift in Sources */ = {isa = PBXBuildFile; fileRef = 4C34E4281F58D781006FE2CC /* ExpressibleByRowErrorTests.swift */; };
		4C61208F1F58BAEB00C289C0 /* SQift.h in Headers */ = {isa = PBXBuildFile; fileRef = 4C6120791F58BAD500C289C0 /* SQift.h */; settings = {ATTRIBUTES = (Public, ); }; };
		4C6120901F58BAEB00C289C0 /* sqlite3.h in Headers */ = {isa = PBXBuildFile; fileRef = 4C61207A1F58BAD500C289C0 /* sqlite3.h */; settings = {ATTRIBUTES = (Public, ); }; };
		4C6120911F58BAEC00C289C0 /* SQift.h in Headers */ = {isa = PBXBuildFile; fileRef = 4C6120791F58BAD500C289C0 /* SQift.h */; settings = {ATTRIBUTES = (Public, ); }; };
		4C6120921F58BAEC00C289C0 /* sqlite3.h in Headers */ = {isa = PBXBuildFile; fileRef = 4C61207A1F58BAD500C289C0 /* sqlite3.h */; settings = {ATTRIBUTES = (Public, ); }; };
		4C6120931F58BAEC00C289C0 /* SQift.h in Headers */ = {isa = PBXBuildFile; fileRef = 4C6120791F58BAD500C289C0 /* SQift.h */; settings = {ATTRIBUTES = (Public, ); }; };
		4C6120941F58BAEC00C289C0 /* sqlite3.h in Headers */ = {isa = PBXBuildFile; fileRef = 4C61207A1F58BAD500C289C0 /* sqlite3.h */; settings = {ATTRIBUTES = (Public, ); }; };
		4C6120951F58BAED00C289C0 /* SQift.h in Headers */ = {isa = PBXBuildFile; fileRef = 4C6120791F58BAD500C289C0 /* SQift.h */; settings = {ATTRIBUTES = (Public, ); }; };
		4C6120961F58BAED00C289C0 /* sqlite3.h in Headers */ = {isa = PBXBuildFile; fileRef = 4C61207A1F58BAD500C289C0 /* sqlite3.h */; settings = {ATTRIBUTES = (Public, ); }; };
		4C6120CD1F58BB5100C289C0 /* Connection.swift in Sources */ = {isa = PBXBuildFile; fileRef = 4C61207F1F58BAD500C289C0 /* Connection.swift */; };
		4C6120CE1F58BB5100C289C0 /* ConnectionPool.swift in Sources */ = {isa = PBXBuildFile; fileRef = 4C6120801F58BAD500C289C0 /* ConnectionPool.swift */; };
		4C6120CF1F58BB5100C289C0 /* ConnectionQueue.swift in Sources */ = {isa = PBXBuildFile; fileRef = 4C6120811F58BAD500C289C0 /* ConnectionQueue.swift */; };
		4C6120D01F58BB5100C289C0 /* Collation.swift in Sources */ = {isa = PBXBuildFile; fileRef = 4C6120831F58BAD500C289C0 /* Collation.swift */; };
		4C6120D11F58BB5100C289C0 /* Function.swift in Sources */ = {isa = PBXBuildFile; fileRef = 4C6120841F58BAD500C289C0 /* Function.swift */; };
		4C6120D21F58BB5100C289C0 /* Query.swift in Sources */ = {isa = PBXBuildFile; fileRef = 4C6120851F58BAD500C289C0 /* Query.swift */; };
		4C6120D31F58BB5100C289C0 /* Statement.swift in Sources */ = {isa = PBXBuildFile; fileRef = 4C6120861F58BAD500C289C0 /* Statement.swift */; };
		4C6120D41F58BB5100C289C0 /* Trace.swift in Sources */ = {isa = PBXBuildFile; fileRef = 4C6120871F58BAD500C289C0 /* Trace.swift */; };
		4C6120D51F58BB5100C289C0 /* Transaction.swift in Sources */ = {isa = PBXBuildFile; fileRef = 4C6120881F58BAD500C289C0 /* Transaction.swift */; };
		4C6120D61F58BB5100C289C0 /* Database.swift in Sources */ = {isa = PBXBuildFile; fileRef = 4C61208A1F58BAD500C289C0 /* Database.swift */; };
		4C6120D71F58BB5100C289C0 /* Migrator.swift in Sources */ = {isa = PBXBuildFile; fileRef = 4C61208B1F58BAD500C289C0 /* Migrator.swift */; };
		4C6120D81F58BB5100C289C0 /* StorageLocation.swift in Sources */ = {isa = PBXBuildFile; fileRef = 4C61208C1F58BAD500C289C0 /* StorageLocation.swift */; };
		4C6120D91F58BB5100C289C0 /* SQLiteError.swift in Sources */ = {isa = PBXBuildFile; fileRef = 4C61208E1F58BAD500C289C0 /* SQLiteError.swift */; };
		4C6120DA1F58BB5100C289C0 /* StringExtension.swift in Sources */ = {isa = PBXBuildFile; fileRef = 4C6120751F58BAD500C289C0 /* StringExtension.swift */; };
		4C6120DB1F58BB5100C289C0 /* Binding.swift in Sources */ = {isa = PBXBuildFile; fileRef = 4C61207C1F58BAD500C289C0 /* Binding.swift */; };
		4C6120DC1F58BB5100C289C0 /* Row.swift in Sources */ = {isa = PBXBuildFile; fileRef = 4C61207D1F58BAD500C289C0 /* Row.swift */; };
		4C6120DD1F58BB5200C289C0 /* Connection.swift in Sources */ = {isa = PBXBuildFile; fileRef = 4C61207F1F58BAD500C289C0 /* Connection.swift */; };
		4C6120DE1F58BB5200C289C0 /* ConnectionPool.swift in Sources */ = {isa = PBXBuildFile; fileRef = 4C6120801F58BAD500C289C0 /* ConnectionPool.swift */; };
		4C6120DF1F58BB5200C289C0 /* ConnectionQueue.swift in Sources */ = {isa = PBXBuildFile; fileRef = 4C6120811F58BAD500C289C0 /* ConnectionQueue.swift */; };
		4C6120E01F58BB5200C289C0 /* Collation.swift in Sources */ = {isa = PBXBuildFile; fileRef = 4C6120831F58BAD500C289C0 /* Collation.swift */; };
		4C6120E11F58BB5200C289C0 /* Function.swift in Sources */ = {isa = PBXBuildFile; fileRef = 4C6120841F58BAD500C289C0 /* Function.swift */; };
		4C6120E21F58BB5200C289C0 /* Query.swift in Sources */ = {isa = PBXBuildFile; fileRef = 4C6120851F58BAD500C289C0 /* Query.swift */; };
		4C6120E31F58BB5200C289C0 /* Statement.swift in Sources */ = {isa = PBXBuildFile; fileRef = 4C6120861F58BAD500C289C0 /* Statement.swift */; };
		4C6120E41F58BB5200C289C0 /* Trace.swift in Sources */ = {isa = PBXBuildFile; fileRef = 4C6120871F58BAD500C289C0 /* Trace.swift */; };
		4C6120E51F58BB5200C289C0 /* Transaction.swift in Sources */ = {isa = PBXBuildFile; fileRef = 4C6120881F58BAD500C289C0 /* Transaction.swift */; };
		4C6120E61F58BB5200C289C0 /* Database.swift in Sources */ = {isa = PBXBuildFile; fileRef = 4C61208A1F58BAD500C289C0 /* Database.swift */; };
		4C6120E71F58BB5200C289C0 /* Migrator.swift in Sources */ = {isa = PBXBuildFile; fileRef = 4C61208B1F58BAD500C289C0 /* Migrator.swift */; };
		4C6120E81F58BB5200C289C0 /* StorageLocation.swift in Sources */ = {isa = PBXBuildFile; fileRef = 4C61208C1F58BAD500C289C0 /* StorageLocation.swift */; };
		4C6120E91F58BB5200C289C0 /* SQLiteError.swift in Sources */ = {isa = PBXBuildFile; fileRef = 4C61208E1F58BAD500C289C0 /* SQLiteError.swift */; };
		4C6120EA1F58BB5200C289C0 /* StringExtension.swift in Sources */ = {isa = PBXBuildFile; fileRef = 4C6120751F58BAD500C289C0 /* StringExtension.swift */; };
		4C6120EB1F58BB5200C289C0 /* Binding.swift in Sources */ = {isa = PBXBuildFile; fileRef = 4C61207C1F58BAD500C289C0 /* Binding.swift */; };
		4C6120EC1F58BB5200C289C0 /* Row.swift in Sources */ = {isa = PBXBuildFile; fileRef = 4C61207D1F58BAD500C289C0 /* Row.swift */; };
		4C6120ED1F58BB5200C289C0 /* Connection.swift in Sources */ = {isa = PBXBuildFile; fileRef = 4C61207F1F58BAD500C289C0 /* Connection.swift */; };
		4C6120EE1F58BB5200C289C0 /* ConnectionPool.swift in Sources */ = {isa = PBXBuildFile; fileRef = 4C6120801F58BAD500C289C0 /* ConnectionPool.swift */; };
		4C6120EF1F58BB5200C289C0 /* ConnectionQueue.swift in Sources */ = {isa = PBXBuildFile; fileRef = 4C6120811F58BAD500C289C0 /* ConnectionQueue.swift */; };
		4C6120F01F58BB5200C289C0 /* Collation.swift in Sources */ = {isa = PBXBuildFile; fileRef = 4C6120831F58BAD500C289C0 /* Collation.swift */; };
		4C6120F11F58BB5200C289C0 /* Function.swift in Sources */ = {isa = PBXBuildFile; fileRef = 4C6120841F58BAD500C289C0 /* Function.swift */; };
		4C6120F21F58BB5200C289C0 /* Query.swift in Sources */ = {isa = PBXBuildFile; fileRef = 4C6120851F58BAD500C289C0 /* Query.swift */; };
		4C6120F31F58BB5200C289C0 /* Statement.swift in Sources */ = {isa = PBXBuildFile; fileRef = 4C6120861F58BAD500C289C0 /* Statement.swift */; };
		4C6120F41F58BB5200C289C0 /* Trace.swift in Sources */ = {isa = PBXBuildFile; fileRef = 4C6120871F58BAD500C289C0 /* Trace.swift */; };
		4C6120F51F58BB5200C289C0 /* Transaction.swift in Sources */ = {isa = PBXBuildFile; fileRef = 4C6120881F58BAD500C289C0 /* Transaction.swift */; };
		4C6120F61F58BB5200C289C0 /* Database.swift in Sources */ = {isa = PBXBuildFile; fileRef = 4C61208A1F58BAD500C289C0 /* Database.swift */; };
		4C6120F71F58BB5200C289C0 /* Migrator.swift in Sources */ = {isa = PBXBuildFile; fileRef = 4C61208B1F58BAD500C289C0 /* Migrator.swift */; };
		4C6120F81F58BB5200C289C0 /* StorageLocation.swift in Sources */ = {isa = PBXBuildFile; fileRef = 4C61208C1F58BAD500C289C0 /* StorageLocation.swift */; };
		4C6120F91F58BB5200C289C0 /* SQLiteError.swift in Sources */ = {isa = PBXBuildFile; fileRef = 4C61208E1F58BAD500C289C0 /* SQLiteError.swift */; };
		4C6120FA1F58BB5200C289C0 /* StringExtension.swift in Sources */ = {isa = PBXBuildFile; fileRef = 4C6120751F58BAD500C289C0 /* StringExtension.swift */; };
		4C6120FB1F58BB5200C289C0 /* Binding.swift in Sources */ = {isa = PBXBuildFile; fileRef = 4C61207C1F58BAD500C289C0 /* Binding.swift */; };
		4C6120FC1F58BB5200C289C0 /* Row.swift in Sources */ = {isa = PBXBuildFile; fileRef = 4C61207D1F58BAD500C289C0 /* Row.swift */; };
		4C6120FD1F58BB5300C289C0 /* Connection.swift in Sources */ = {isa = PBXBuildFile; fileRef = 4C61207F1F58BAD500C289C0 /* Connection.swift */; };
		4C6120FE1F58BB5300C289C0 /* ConnectionPool.swift in Sources */ = {isa = PBXBuildFile; fileRef = 4C6120801F58BAD500C289C0 /* ConnectionPool.swift */; };
		4C6120FF1F58BB5300C289C0 /* ConnectionQueue.swift in Sources */ = {isa = PBXBuildFile; fileRef = 4C6120811F58BAD500C289C0 /* ConnectionQueue.swift */; };
		4C6121001F58BB5300C289C0 /* Collation.swift in Sources */ = {isa = PBXBuildFile; fileRef = 4C6120831F58BAD500C289C0 /* Collation.swift */; };
		4C6121011F58BB5300C289C0 /* Function.swift in Sources */ = {isa = PBXBuildFile; fileRef = 4C6120841F58BAD500C289C0 /* Function.swift */; };
		4C6121021F58BB5300C289C0 /* Query.swift in Sources */ = {isa = PBXBuildFile; fileRef = 4C6120851F58BAD500C289C0 /* Query.swift */; };
		4C6121031F58BB5300C289C0 /* Statement.swift in Sources */ = {isa = PBXBuildFile; fileRef = 4C6120861F58BAD500C289C0 /* Statement.swift */; };
		4C6121041F58BB5300C289C0 /* Trace.swift in Sources */ = {isa = PBXBuildFile; fileRef = 4C6120871F58BAD500C289C0 /* Trace.swift */; };
		4C6121051F58BB5300C289C0 /* Transaction.swift in Sources */ = {isa = PBXBuildFile; fileRef = 4C6120881F58BAD500C289C0 /* Transaction.swift */; };
		4C6121061F58BB5300C289C0 /* Database.swift in Sources */ = {isa = PBXBuildFile; fileRef = 4C61208A1F58BAD500C289C0 /* Database.swift */; };
		4C6121071F58BB5300C289C0 /* Migrator.swift in Sources */ = {isa = PBXBuildFile; fileRef = 4C61208B1F58BAD500C289C0 /* Migrator.swift */; };
		4C6121081F58BB5300C289C0 /* StorageLocation.swift in Sources */ = {isa = PBXBuildFile; fileRef = 4C61208C1F58BAD500C289C0 /* StorageLocation.swift */; };
		4C6121091F58BB5300C289C0 /* SQLiteError.swift in Sources */ = {isa = PBXBuildFile; fileRef = 4C61208E1F58BAD500C289C0 /* SQLiteError.swift */; };
		4C61210A1F58BB5300C289C0 /* StringExtension.swift in Sources */ = {isa = PBXBuildFile; fileRef = 4C6120751F58BAD500C289C0 /* StringExtension.swift */; };
		4C61210B1F58BB5300C289C0 /* Binding.swift in Sources */ = {isa = PBXBuildFile; fileRef = 4C61207C1F58BAD500C289C0 /* Binding.swift */; };
		4C61210C1F58BB5300C289C0 /* Row.swift in Sources */ = {isa = PBXBuildFile; fileRef = 4C61207D1F58BAD500C289C0 /* Row.swift */; };
		4C61213F1F58BBE300C289C0 /* FileManagerExtension.swift in Sources */ = {isa = PBXBuildFile; fileRef = 4C6121271F58BBCD00C289C0 /* FileManagerExtension.swift */; };
		4C6121401F58BBE300C289C0 /* TestTables.swift in Sources */ = {isa = PBXBuildFile; fileRef = 4C6121251F58BBCD00C289C0 /* TestTables.swift */; };
		4C6121411F58BBE300C289C0 /* ConnectionPoolTests.swift in Sources */ = {isa = PBXBuildFile; fileRef = 4C61212A1F58BBCE00C289C0 /* ConnectionPoolTests.swift */; };
		4C6121421F58BBE300C289C0 /* ConnectionQueueTests.swift in Sources */ = {isa = PBXBuildFile; fileRef = 4C61212B1F58BBCE00C289C0 /* ConnectionQueueTests.swift */; };
		4C6121431F58BBE300C289C0 /* ConnectionTests.swift in Sources */ = {isa = PBXBuildFile; fileRef = 4C61212C1F58BBCE00C289C0 /* ConnectionTests.swift */; };
		4C6121441F58BBE300C289C0 /* CollationTests.swift in Sources */ = {isa = PBXBuildFile; fileRef = 4C61212E1F58BBCE00C289C0 /* CollationTests.swift */; };
		4C6121451F58BBE300C289C0 /* FunctionTests.swift in Sources */ = {isa = PBXBuildFile; fileRef = 4C61212F1F58BBCE00C289C0 /* FunctionTests.swift */; };
		4C6121461F58BBE300C289C0 /* QueryTests.swift in Sources */ = {isa = PBXBuildFile; fileRef = 4C6121301F58BBCE00C289C0 /* QueryTests.swift */; };
		4C6121471F58BBE300C289C0 /* TraceTests.swift in Sources */ = {isa = PBXBuildFile; fileRef = 4C6121311F58BBCE00C289C0 /* TraceTests.swift */; };
		4C6121481F58BBE300C289C0 /* TransactionTests.swift in Sources */ = {isa = PBXBuildFile; fileRef = 4C6121321F58BBCE00C289C0 /* TransactionTests.swift */; };
		4C6121491F58BBE300C289C0 /* DatabaseTests.swift in Sources */ = {isa = PBXBuildFile; fileRef = 4C6121341F58BBCE00C289C0 /* DatabaseTests.swift */; };
		4C61214A1F58BBE300C289C0 /* MigratorTests.swift in Sources */ = {isa = PBXBuildFile; fileRef = 4C6121351F58BBCE00C289C0 /* MigratorTests.swift */; };
		4C61214B1F58BBE300C289C0 /* SQLiteErrorTests.swift in Sources */ = {isa = PBXBuildFile; fileRef = 4C6121371F58BBCE00C289C0 /* SQLiteErrorTests.swift */; };
		4C61214C1F58BBE300C289C0 /* StringExtensionTests.swift in Sources */ = {isa = PBXBuildFile; fileRef = 4C6121391F58BBCE00C289C0 /* StringExtensionTests.swift */; };
		4C61214D1F58BBE300C289C0 /* BindingTests.swift in Sources */ = {isa = PBXBuildFile; fileRef = 4C61213B1F58BBCE00C289C0 /* BindingTests.swift */; };
		4C61214E1F58BBE300C289C0 /* RowTests.swift in Sources */ = {isa = PBXBuildFile; fileRef = 4C61213C1F58BBCE00C289C0 /* RowTests.swift */; };
		4C61214F1F58BBE400C289C0 /* FileManagerExtension.swift in Sources */ = {isa = PBXBuildFile; fileRef = 4C6121271F58BBCD00C289C0 /* FileManagerExtension.swift */; };
		4C6121501F58BBE400C289C0 /* TestTables.swift in Sources */ = {isa = PBXBuildFile; fileRef = 4C6121251F58BBCD00C289C0 /* TestTables.swift */; };
		4C6121511F58BBE400C289C0 /* ConnectionPoolTests.swift in Sources */ = {isa = PBXBuildFile; fileRef = 4C61212A1F58BBCE00C289C0 /* ConnectionPoolTests.swift */; };
		4C6121521F58BBE400C289C0 /* ConnectionQueueTests.swift in Sources */ = {isa = PBXBuildFile; fileRef = 4C61212B1F58BBCE00C289C0 /* ConnectionQueueTests.swift */; };
		4C6121531F58BBE400C289C0 /* ConnectionTests.swift in Sources */ = {isa = PBXBuildFile; fileRef = 4C61212C1F58BBCE00C289C0 /* ConnectionTests.swift */; };
		4C6121541F58BBE400C289C0 /* CollationTests.swift in Sources */ = {isa = PBXBuildFile; fileRef = 4C61212E1F58BBCE00C289C0 /* CollationTests.swift */; };
		4C6121551F58BBE400C289C0 /* FunctionTests.swift in Sources */ = {isa = PBXBuildFile; fileRef = 4C61212F1F58BBCE00C289C0 /* FunctionTests.swift */; };
		4C6121561F58BBE400C289C0 /* QueryTests.swift in Sources */ = {isa = PBXBuildFile; fileRef = 4C6121301F58BBCE00C289C0 /* QueryTests.swift */; };
		4C6121571F58BBE400C289C0 /* TraceTests.swift in Sources */ = {isa = PBXBuildFile; fileRef = 4C6121311F58BBCE00C289C0 /* TraceTests.swift */; };
		4C6121581F58BBE400C289C0 /* TransactionTests.swift in Sources */ = {isa = PBXBuildFile; fileRef = 4C6121321F58BBCE00C289C0 /* TransactionTests.swift */; };
		4C6121591F58BBE400C289C0 /* DatabaseTests.swift in Sources */ = {isa = PBXBuildFile; fileRef = 4C6121341F58BBCE00C289C0 /* DatabaseTests.swift */; };
		4C61215A1F58BBE400C289C0 /* MigratorTests.swift in Sources */ = {isa = PBXBuildFile; fileRef = 4C6121351F58BBCE00C289C0 /* MigratorTests.swift */; };
		4C61215B1F58BBE400C289C0 /* SQLiteErrorTests.swift in Sources */ = {isa = PBXBuildFile; fileRef = 4C6121371F58BBCE00C289C0 /* SQLiteErrorTests.swift */; };
		4C61215C1F58BBE400C289C0 /* StringExtensionTests.swift in Sources */ = {isa = PBXBuildFile; fileRef = 4C6121391F58BBCE00C289C0 /* StringExtensionTests.swift */; };
		4C61215D1F58BBE400C289C0 /* BindingTests.swift in Sources */ = {isa = PBXBuildFile; fileRef = 4C61213B1F58BBCE00C289C0 /* BindingTests.swift */; };
		4C61215E1F58BBE400C289C0 /* RowTests.swift in Sources */ = {isa = PBXBuildFile; fileRef = 4C61213C1F58BBCE00C289C0 /* RowTests.swift */; };
		4C61215F1F58BBE400C289C0 /* FileManagerExtension.swift in Sources */ = {isa = PBXBuildFile; fileRef = 4C6121271F58BBCD00C289C0 /* FileManagerExtension.swift */; };
		4C6121601F58BBE400C289C0 /* TestTables.swift in Sources */ = {isa = PBXBuildFile; fileRef = 4C6121251F58BBCD00C289C0 /* TestTables.swift */; };
		4C6121611F58BBE400C289C0 /* ConnectionPoolTests.swift in Sources */ = {isa = PBXBuildFile; fileRef = 4C61212A1F58BBCE00C289C0 /* ConnectionPoolTests.swift */; };
		4C6121621F58BBE400C289C0 /* ConnectionQueueTests.swift in Sources */ = {isa = PBXBuildFile; fileRef = 4C61212B1F58BBCE00C289C0 /* ConnectionQueueTests.swift */; };
		4C6121631F58BBE400C289C0 /* ConnectionTests.swift in Sources */ = {isa = PBXBuildFile; fileRef = 4C61212C1F58BBCE00C289C0 /* ConnectionTests.swift */; };
		4C6121641F58BBE400C289C0 /* CollationTests.swift in Sources */ = {isa = PBXBuildFile; fileRef = 4C61212E1F58BBCE00C289C0 /* CollationTests.swift */; };
		4C6121651F58BBE400C289C0 /* FunctionTests.swift in Sources */ = {isa = PBXBuildFile; fileRef = 4C61212F1F58BBCE00C289C0 /* FunctionTests.swift */; };
		4C6121661F58BBE400C289C0 /* QueryTests.swift in Sources */ = {isa = PBXBuildFile; fileRef = 4C6121301F58BBCE00C289C0 /* QueryTests.swift */; };
		4C6121671F58BBE400C289C0 /* TraceTests.swift in Sources */ = {isa = PBXBuildFile; fileRef = 4C6121311F58BBCE00C289C0 /* TraceTests.swift */; };
		4C6121681F58BBE400C289C0 /* TransactionTests.swift in Sources */ = {isa = PBXBuildFile; fileRef = 4C6121321F58BBCE00C289C0 /* TransactionTests.swift */; };
		4C6121691F58BBE400C289C0 /* DatabaseTests.swift in Sources */ = {isa = PBXBuildFile; fileRef = 4C6121341F58BBCE00C289C0 /* DatabaseTests.swift */; };
		4C61216A1F58BBE400C289C0 /* MigratorTests.swift in Sources */ = {isa = PBXBuildFile; fileRef = 4C6121351F58BBCE00C289C0 /* MigratorTests.swift */; };
		4C61216B1F58BBE400C289C0 /* SQLiteErrorTests.swift in Sources */ = {isa = PBXBuildFile; fileRef = 4C6121371F58BBCE00C289C0 /* SQLiteErrorTests.swift */; };
		4C61216C1F58BBE400C289C0 /* StringExtensionTests.swift in Sources */ = {isa = PBXBuildFile; fileRef = 4C6121391F58BBCE00C289C0 /* StringExtensionTests.swift */; };
		4C61216D1F58BBE400C289C0 /* BindingTests.swift in Sources */ = {isa = PBXBuildFile; fileRef = 4C61213B1F58BBCE00C289C0 /* BindingTests.swift */; };
		4C61216E1F58BBE400C289C0 /* RowTests.swift in Sources */ = {isa = PBXBuildFile; fileRef = 4C61213C1F58BBCE00C289C0 /* RowTests.swift */; };
		4CA8C2291BF6A49400822606 /* SQift.framework in Frameworks */ = {isa = PBXBuildFile; fileRef = 4CA8C21E1BF6A49400822606 /* SQift.framework */; };
/* End PBXBuildFile section */

/* Begin PBXContainerItemProxy section */
		4C29B2EF1BFB25C00086A2EF /* PBXContainerItemProxy */ = {
			isa = PBXContainerItemProxy;
			containerPortal = 4CA8C2151BF6A49400822606 /* Project object */;
			proxyType = 1;
			remoteGlobalIDString = 4C29B2E31BFB25C00086A2EF;
			remoteInfo = "SQift OSX";
		};
		4C29B3211BFB28330086A2EF /* PBXContainerItemProxy */ = {
			isa = PBXContainerItemProxy;
			containerPortal = 4CA8C2151BF6A49400822606 /* Project object */;
			proxyType = 1;
			remoteGlobalIDString = 4C29B3151BFB28330086A2EF;
			remoteInfo = "SQift tvOS";
		};
		4CA8C22A1BF6A49400822606 /* PBXContainerItemProxy */ = {
			isa = PBXContainerItemProxy;
			containerPortal = 4CA8C2151BF6A49400822606 /* Project object */;
			proxyType = 1;
			remoteGlobalIDString = 4CA8C21D1BF6A49400822606;
			remoteInfo = SQift;
		};
/* End PBXContainerItemProxy section */

/* Begin PBXFileReference section */
		4C29B2E41BFB25C00086A2EF /* SQift.framework */ = {isa = PBXFileReference; explicitFileType = wrapper.framework; includeInIndex = 0; path = SQift.framework; sourceTree = BUILT_PRODUCTS_DIR; };
		4C29B2ED1BFB25C00086A2EF /* SQift Tests.xctest */ = {isa = PBXFileReference; explicitFileType = wrapper.cfbundle; includeInIndex = 0; path = "SQift Tests.xctest"; sourceTree = BUILT_PRODUCTS_DIR; };
		4C29B3161BFB28330086A2EF /* SQift.framework */ = {isa = PBXFileReference; explicitFileType = wrapper.framework; includeInIndex = 0; path = SQift.framework; sourceTree = BUILT_PRODUCTS_DIR; };
		4C29B31F1BFB28330086A2EF /* SQift Tests.xctest */ = {isa = PBXFileReference; explicitFileType = wrapper.cfbundle; includeInIndex = 0; path = "SQift Tests.xctest"; sourceTree = BUILT_PRODUCTS_DIR; };
		4C34E4231F58D76E006FE2CC /* ExpressibleByRowError.swift */ = {isa = PBXFileReference; lastKnownFileType = sourcecode.swift; path = ExpressibleByRowError.swift; sourceTree = "<group>"; };
		4C34E4281F58D781006FE2CC /* ExpressibleByRowErrorTests.swift */ = {isa = PBXFileReference; lastKnownFileType = sourcecode.swift; path = ExpressibleByRowErrorTests.swift; sourceTree = "<group>"; };
		4C3C4CFA1BFB2B6F0080A0C6 /* SQift.framework */ = {isa = PBXFileReference; explicitFileType = wrapper.framework; includeInIndex = 0; path = SQift.framework; sourceTree = BUILT_PRODUCTS_DIR; };
		4C6120751F58BAD500C289C0 /* StringExtension.swift */ = {isa = PBXFileReference; lastKnownFileType = sourcecode.swift; path = StringExtension.swift; sourceTree = "<group>"; };
		4C6120771F58BAD500C289C0 /* Info-tvOS.plist */ = {isa = PBXFileReference; lastKnownFileType = text.plist.xml; path = "Info-tvOS.plist"; sourceTree = "<group>"; };
		4C6120781F58BAD500C289C0 /* Info.plist */ = {isa = PBXFileReference; lastKnownFileType = text.plist.xml; path = Info.plist; sourceTree = "<group>"; };
		4C6120791F58BAD500C289C0 /* SQift.h */ = {isa = PBXFileReference; lastKnownFileType = sourcecode.c.h; path = SQift.h; sourceTree = "<group>"; };
		4C61207A1F58BAD500C289C0 /* sqlite3.h */ = {isa = PBXFileReference; lastKnownFileType = sourcecode.c.h; path = sqlite3.h; sourceTree = "<group>"; };
		4C61207C1F58BAD500C289C0 /* Binding.swift */ = {isa = PBXFileReference; lastKnownFileType = sourcecode.swift; path = Binding.swift; sourceTree = "<group>"; };
		4C61207D1F58BAD500C289C0 /* Row.swift */ = {isa = PBXFileReference; lastKnownFileType = sourcecode.swift; path = Row.swift; sourceTree = "<group>"; };
		4C61207F1F58BAD500C289C0 /* Connection.swift */ = {isa = PBXFileReference; lastKnownFileType = sourcecode.swift; path = Connection.swift; sourceTree = "<group>"; };
		4C6120801F58BAD500C289C0 /* ConnectionPool.swift */ = {isa = PBXFileReference; lastKnownFileType = sourcecode.swift; path = ConnectionPool.swift; sourceTree = "<group>"; };
		4C6120811F58BAD500C289C0 /* ConnectionQueue.swift */ = {isa = PBXFileReference; lastKnownFileType = sourcecode.swift; path = ConnectionQueue.swift; sourceTree = "<group>"; };
		4C6120831F58BAD500C289C0 /* Collation.swift */ = {isa = PBXFileReference; lastKnownFileType = sourcecode.swift; path = Collation.swift; sourceTree = "<group>"; };
		4C6120841F58BAD500C289C0 /* Function.swift */ = {isa = PBXFileReference; lastKnownFileType = sourcecode.swift; path = Function.swift; sourceTree = "<group>"; };
		4C6120851F58BAD500C289C0 /* Query.swift */ = {isa = PBXFileReference; lastKnownFileType = sourcecode.swift; path = Query.swift; sourceTree = "<group>"; };
		4C6120861F58BAD500C289C0 /* Statement.swift */ = {isa = PBXFileReference; lastKnownFileType = sourcecode.swift; path = Statement.swift; sourceTree = "<group>"; };
		4C6120871F58BAD500C289C0 /* Trace.swift */ = {isa = PBXFileReference; lastKnownFileType = sourcecode.swift; path = Trace.swift; sourceTree = "<group>"; };
		4C6120881F58BAD500C289C0 /* Transaction.swift */ = {isa = PBXFileReference; lastKnownFileType = sourcecode.swift; path = Transaction.swift; sourceTree = "<group>"; };
		4C61208A1F58BAD500C289C0 /* Database.swift */ = {isa = PBXFileReference; lastKnownFileType = sourcecode.swift; path = Database.swift; sourceTree = "<group>"; };
		4C61208B1F58BAD500C289C0 /* Migrator.swift */ = {isa = PBXFileReference; lastKnownFileType = sourcecode.swift; path = Migrator.swift; sourceTree = "<group>"; };
		4C61208C1F58BAD500C289C0 /* StorageLocation.swift */ = {isa = PBXFileReference; lastKnownFileType = sourcecode.swift; path = StorageLocation.swift; sourceTree = "<group>"; };
		4C61208E1F58BAD500C289C0 /* SQLiteError.swift */ = {isa = PBXFileReference; lastKnownFileType = sourcecode.swift; path = SQLiteError.swift; sourceTree = "<group>"; };
		4C6121251F58BBCD00C289C0 /* TestTables.swift */ = {isa = PBXFileReference; lastKnownFileType = sourcecode.swift; path = TestTables.swift; sourceTree = "<group>"; };
		4C6121271F58BBCD00C289C0 /* FileManagerExtension.swift */ = {isa = PBXFileReference; lastKnownFileType = sourcecode.swift; path = FileManagerExtension.swift; sourceTree = "<group>"; };
		4C61212A1F58BBCE00C289C0 /* ConnectionPoolTests.swift */ = {isa = PBXFileReference; lastKnownFileType = sourcecode.swift; path = ConnectionPoolTests.swift; sourceTree = "<group>"; };
		4C61212B1F58BBCE00C289C0 /* ConnectionQueueTests.swift */ = {isa = PBXFileReference; lastKnownFileType = sourcecode.swift; path = ConnectionQueueTests.swift; sourceTree = "<group>"; };
		4C61212C1F58BBCE00C289C0 /* ConnectionTests.swift */ = {isa = PBXFileReference; lastKnownFileType = sourcecode.swift; path = ConnectionTests.swift; sourceTree = "<group>"; };
		4C61212E1F58BBCE00C289C0 /* CollationTests.swift */ = {isa = PBXFileReference; lastKnownFileType = sourcecode.swift; path = CollationTests.swift; sourceTree = "<group>"; };
		4C61212F1F58BBCE00C289C0 /* FunctionTests.swift */ = {isa = PBXFileReference; lastKnownFileType = sourcecode.swift; path = FunctionTests.swift; sourceTree = "<group>"; };
		4C6121301F58BBCE00C289C0 /* QueryTests.swift */ = {isa = PBXFileReference; lastKnownFileType = sourcecode.swift; path = QueryTests.swift; sourceTree = "<group>"; };
		4C6121311F58BBCE00C289C0 /* TraceTests.swift */ = {isa = PBXFileReference; lastKnownFileType = sourcecode.swift; path = TraceTests.swift; sourceTree = "<group>"; };
		4C6121321F58BBCE00C289C0 /* TransactionTests.swift */ = {isa = PBXFileReference; lastKnownFileType = sourcecode.swift; path = TransactionTests.swift; sourceTree = "<group>"; };
		4C6121341F58BBCE00C289C0 /* DatabaseTests.swift */ = {isa = PBXFileReference; lastKnownFileType = sourcecode.swift; path = DatabaseTests.swift; sourceTree = "<group>"; };
		4C6121351F58BBCE00C289C0 /* MigratorTests.swift */ = {isa = PBXFileReference; lastKnownFileType = sourcecode.swift; path = MigratorTests.swift; sourceTree = "<group>"; };
		4C6121371F58BBCE00C289C0 /* SQLiteErrorTests.swift */ = {isa = PBXFileReference; lastKnownFileType = sourcecode.swift; path = SQLiteErrorTests.swift; sourceTree = "<group>"; };
		4C6121391F58BBCE00C289C0 /* StringExtensionTests.swift */ = {isa = PBXFileReference; lastKnownFileType = sourcecode.swift; path = StringExtensionTests.swift; sourceTree = "<group>"; };
		4C61213B1F58BBCE00C289C0 /* BindingTests.swift */ = {isa = PBXFileReference; lastKnownFileType = sourcecode.swift; path = BindingTests.swift; sourceTree = "<group>"; };
		4C61213C1F58BBCE00C289C0 /* RowTests.swift */ = {isa = PBXFileReference; lastKnownFileType = sourcecode.swift; path = RowTests.swift; sourceTree = "<group>"; };
		4C61213E1F58BBCE00C289C0 /* Info.plist */ = {isa = PBXFileReference; lastKnownFileType = text.plist.xml; path = Info.plist; sourceTree = "<group>"; };
		4CA8C21E1BF6A49400822606 /* SQift.framework */ = {isa = PBXFileReference; explicitFileType = wrapper.framework; includeInIndex = 0; path = SQift.framework; sourceTree = BUILT_PRODUCTS_DIR; };
		4CA8C2281BF6A49400822606 /* SQift Tests.xctest */ = {isa = PBXFileReference; explicitFileType = wrapper.cfbundle; includeInIndex = 0; path = "SQift Tests.xctest"; sourceTree = BUILT_PRODUCTS_DIR; };
/* End PBXFileReference section */

/* Begin PBXFrameworksBuildPhase section */
		4C29B2E01BFB25C00086A2EF /* Frameworks */ = {
			isa = PBXFrameworksBuildPhase;
			buildActionMask = 2147483647;
			files = (
			);
			runOnlyForDeploymentPostprocessing = 0;
		};
		4C29B2EA1BFB25C00086A2EF /* Frameworks */ = {
			isa = PBXFrameworksBuildPhase;
			buildActionMask = 2147483647;
			files = (
				4C29B2EE1BFB25C00086A2EF /* SQift.framework in Frameworks */,
			);
			runOnlyForDeploymentPostprocessing = 0;
		};
		4C29B3121BFB28330086A2EF /* Frameworks */ = {
			isa = PBXFrameworksBuildPhase;
			buildActionMask = 2147483647;
			files = (
			);
			runOnlyForDeploymentPostprocessing = 0;
		};
		4C29B31C1BFB28330086A2EF /* Frameworks */ = {
			isa = PBXFrameworksBuildPhase;
			buildActionMask = 2147483647;
			files = (
				4C29B3201BFB28330086A2EF /* SQift.framework in Frameworks */,
			);
			runOnlyForDeploymentPostprocessing = 0;
		};
		4C3C4CF61BFB2B6F0080A0C6 /* Frameworks */ = {
			isa = PBXFrameworksBuildPhase;
			buildActionMask = 2147483647;
			files = (
			);
			runOnlyForDeploymentPostprocessing = 0;
		};
		4CA8C21A1BF6A49400822606 /* Frameworks */ = {
			isa = PBXFrameworksBuildPhase;
			buildActionMask = 2147483647;
			files = (
			);
			runOnlyForDeploymentPostprocessing = 0;
		};
		4CA8C2251BF6A49400822606 /* Frameworks */ = {
			isa = PBXFrameworksBuildPhase;
			buildActionMask = 2147483647;
			files = (
				4CA8C2291BF6A49400822606 /* SQift.framework in Frameworks */,
			);
			runOnlyForDeploymentPostprocessing = 0;
		};
/* End PBXFrameworksBuildPhase section */

/* Begin PBXGroup section */
		4C6120741F58BAD500C289C0 /* Extensions */ = {
			isa = PBXGroup;
			children = (
				4C6120751F58BAD500C289C0 /* StringExtension.swift */,
			);
			path = Extensions;
			sourceTree = "<group>";
		};
		4C6120761F58BAD500C289C0 /* Supporting Files */ = {
			isa = PBXGroup;
			children = (
				4C6120771F58BAD500C289C0 /* Info-tvOS.plist */,
				4C6120781F58BAD500C289C0 /* Info.plist */,
				4C6120791F58BAD500C289C0 /* SQift.h */,
				4C61207A1F58BAD500C289C0 /* sqlite3.h */,
			);
			path = "Supporting Files";
			sourceTree = "<group>";
		};
		4C61207B1F58BAD500C289C0 /* Row */ = {
			isa = PBXGroup;
			children = (
				4C61207C1F58BAD500C289C0 /* Binding.swift */,
				4C61207D1F58BAD500C289C0 /* Row.swift */,
			);
			path = Row;
			sourceTree = "<group>";
		};
		4C61207E1F58BAD500C289C0 /* Connection */ = {
			isa = PBXGroup;
			children = (
				4C61207F1F58BAD500C289C0 /* Connection.swift */,
				4C6120801F58BAD500C289C0 /* ConnectionPool.swift */,
				4C6120811F58BAD500C289C0 /* ConnectionQueue.swift */,
				4C6120821F58BAD500C289C0 /* Functions */,
			);
			path = Connection;
			sourceTree = "<group>";
		};
		4C6120821F58BAD500C289C0 /* Functions */ = {
			isa = PBXGroup;
			children = (
				4C6120831F58BAD500C289C0 /* Collation.swift */,
				4C6120841F58BAD500C289C0 /* Function.swift */,
				4C6120851F58BAD500C289C0 /* Query.swift */,
				4C6120861F58BAD500C289C0 /* Statement.swift */,
				4C6120871F58BAD500C289C0 /* Trace.swift */,
				4C6120881F58BAD500C289C0 /* Transaction.swift */,
			);
			path = Functions;
			sourceTree = "<group>";
		};
		4C6120891F58BAD500C289C0 /* Database */ = {
			isa = PBXGroup;
			children = (
				4C61208A1F58BAD500C289C0 /* Database.swift */,
				4C61208B1F58BAD500C289C0 /* Migrator.swift */,
				4C61208C1F58BAD500C289C0 /* StorageLocation.swift */,
			);
			path = Database;
			sourceTree = "<group>";
		};
		4C61208D1F58BAD500C289C0 /* Errors */ = {
			isa = PBXGroup;
			children = (
				4C34E4231F58D76E006FE2CC /* ExpressibleByRowError.swift */,
				4C61208E1F58BAD500C289C0 /* SQLiteError.swift */,
			);
			path = Errors;
			sourceTree = "<group>";
		};
		4C6121241F58BBCD00C289C0 /* Helpers */ = {
			isa = PBXGroup;
			children = (
				4C6121251F58BBCD00C289C0 /* TestTables.swift */,
			);
			path = Helpers;
			sourceTree = "<group>";
		};
		4C6121261F58BBCD00C289C0 /* Extensions */ = {
			isa = PBXGroup;
			children = (
				4C6121271F58BBCD00C289C0 /* FileManagerExtension.swift */,
			);
			path = Extensions;
			sourceTree = "<group>";
		};
		4C6121281F58BBCE00C289C0 /* Tests */ = {
			isa = PBXGroup;
			children = (
				4C6121291F58BBCE00C289C0 /* Connection */,
				4C6121331F58BBCE00C289C0 /* Database */,
				4C6121361F58BBCE00C289C0 /* Errors */,
				4C6121381F58BBCE00C289C0 /* Extensions */,
				4C61213A1F58BBCE00C289C0 /* Rows */,
			);
			path = Tests;
			sourceTree = "<group>";
		};
		4C6121291F58BBCE00C289C0 /* Connection */ = {
			isa = PBXGroup;
			children = (
				4C61212A1F58BBCE00C289C0 /* ConnectionPoolTests.swift */,
				4C61212B1F58BBCE00C289C0 /* ConnectionQueueTests.swift */,
				4C61212C1F58BBCE00C289C0 /* ConnectionTests.swift */,
				4C61212D1F58BBCE00C289C0 /* Functions */,
			);
			path = Connection;
			sourceTree = "<group>";
		};
		4C61212D1F58BBCE00C289C0 /* Functions */ = {
			isa = PBXGroup;
			children = (
				4C61212E1F58BBCE00C289C0 /* CollationTests.swift */,
				4C61212F1F58BBCE00C289C0 /* FunctionTests.swift */,
				4C6121301F58BBCE00C289C0 /* QueryTests.swift */,
				4C6121311F58BBCE00C289C0 /* TraceTests.swift */,
				4C6121321F58BBCE00C289C0 /* TransactionTests.swift */,
			);
			path = Functions;
			sourceTree = "<group>";
		};
		4C6121331F58BBCE00C289C0 /* Database */ = {
			isa = PBXGroup;
			children = (
				4C6121341F58BBCE00C289C0 /* DatabaseTests.swift */,
				4C6121351F58BBCE00C289C0 /* MigratorTests.swift */,
			);
			path = Database;
			sourceTree = "<group>";
		};
		4C6121361F58BBCE00C289C0 /* Errors */ = {
			isa = PBXGroup;
			children = (
				4C34E4281F58D781006FE2CC /* ExpressibleByRowErrorTests.swift */,
				4C6121371F58BBCE00C289C0 /* SQLiteErrorTests.swift */,
			);
			path = Errors;
			sourceTree = "<group>";
		};
		4C6121381F58BBCE00C289C0 /* Extensions */ = {
			isa = PBXGroup;
			children = (
				4C6121391F58BBCE00C289C0 /* StringExtensionTests.swift */,
			);
			path = Extensions;
			sourceTree = "<group>";
		};
		4C61213A1F58BBCE00C289C0 /* Rows */ = {
			isa = PBXGroup;
			children = (
				4C61213B1F58BBCE00C289C0 /* BindingTests.swift */,
				4C61213C1F58BBCE00C289C0 /* RowTests.swift */,
			);
			path = Rows;
			sourceTree = "<group>";
		};
		4C61213D1F58BBCE00C289C0 /* Supporting Files */ = {
			isa = PBXGroup;
			children = (
				4C61213E1F58BBCE00C289C0 /* Info.plist */,
			);
			path = "Supporting Files";
			sourceTree = "<group>";
		};
		4CA8C2141BF6A49400822606 = {
			isa = PBXGroup;
			children = (
				4CA8C2381BF6A4C100822606 /* Source */,
				4CA8C23D1BF6A4C700822606 /* Tests */,
				4CA8C21F1BF6A49400822606 /* Products */,
			);
			sourceTree = "<group>";
			usesTabs = 0;
			wrapsLines = 1;
		};
		4CA8C21F1BF6A49400822606 /* Products */ = {
			isa = PBXGroup;
			children = (
				4CA8C21E1BF6A49400822606 /* SQift.framework */,
				4CA8C2281BF6A49400822606 /* SQift Tests.xctest */,
				4C29B2E41BFB25C00086A2EF /* SQift.framework */,
				4C29B2ED1BFB25C00086A2EF /* SQift Tests.xctest */,
				4C29B3161BFB28330086A2EF /* SQift.framework */,
				4C29B31F1BFB28330086A2EF /* SQift Tests.xctest */,
				4C3C4CFA1BFB2B6F0080A0C6 /* SQift.framework */,
			);
			name = Products;
			sourceTree = "<group>";
		};
		4CA8C2381BF6A4C100822606 /* Source */ = {
			isa = PBXGroup;
			children = (
				4C61207E1F58BAD500C289C0 /* Connection */,
				4C6120891F58BAD500C289C0 /* Database */,
				4C61208D1F58BAD500C289C0 /* Errors */,
				4C6120741F58BAD500C289C0 /* Extensions */,
				4C61207B1F58BAD500C289C0 /* Row */,
				4C6120761F58BAD500C289C0 /* Supporting Files */,
			);
			path = Source;
			sourceTree = "<group>";
		};
		4CA8C23D1BF6A4C700822606 /* Tests */ = {
			isa = PBXGroup;
			children = (
				4C6121261F58BBCD00C289C0 /* Extensions */,
				4C6121241F58BBCD00C289C0 /* Helpers */,
				4C61213D1F58BBCE00C289C0 /* Supporting Files */,
				4C6121281F58BBCE00C289C0 /* Tests */,
			);
			path = Tests;
			sourceTree = "<group>";
		};
/* End PBXGroup section */

/* Begin PBXHeadersBuildPhase section */
		4C29B2E11BFB25C00086A2EF /* Headers */ = {
			isa = PBXHeadersBuildPhase;
			buildActionMask = 2147483647;
			files = (
				4C6120921F58BAEC00C289C0 /* sqlite3.h in Headers */,
				4C6120911F58BAEC00C289C0 /* SQift.h in Headers */,
			);
			runOnlyForDeploymentPostprocessing = 0;
		};
		4C29B3131BFB28330086A2EF /* Headers */ = {
			isa = PBXHeadersBuildPhase;
			buildActionMask = 2147483647;
			files = (
				4C6120941F58BAEC00C289C0 /* sqlite3.h in Headers */,
				4C6120931F58BAEC00C289C0 /* SQift.h in Headers */,
			);
			runOnlyForDeploymentPostprocessing = 0;
		};
		4C3C4CF71BFB2B6F0080A0C6 /* Headers */ = {
			isa = PBXHeadersBuildPhase;
			buildActionMask = 2147483647;
			files = (
				4C6120961F58BAED00C289C0 /* sqlite3.h in Headers */,
				4C6120951F58BAED00C289C0 /* SQift.h in Headers */,
			);
			runOnlyForDeploymentPostprocessing = 0;
		};
		4CA8C21B1BF6A49400822606 /* Headers */ = {
			isa = PBXHeadersBuildPhase;
			buildActionMask = 2147483647;
			files = (
				4C6120901F58BAEB00C289C0 /* sqlite3.h in Headers */,
				4C61208F1F58BAEB00C289C0 /* SQift.h in Headers */,
			);
			runOnlyForDeploymentPostprocessing = 0;
		};
/* End PBXHeadersBuildPhase section */

/* Begin PBXNativeTarget section */
		4C29B2E31BFB25C00086A2EF /* SQift macOS */ = {
			isa = PBXNativeTarget;
			buildConfigurationList = 4C29B2F91BFB25C00086A2EF /* Build configuration list for PBXNativeTarget "SQift macOS" */;
			buildPhases = (
				4C29B2DF1BFB25C00086A2EF /* Sources */,
				4C29B2E01BFB25C00086A2EF /* Frameworks */,
				4C29B2E11BFB25C00086A2EF /* Headers */,
				4C29B2E21BFB25C00086A2EF /* Resources */,
			);
			buildRules = (
			);
			dependencies = (
			);
			name = "SQift macOS";
			productName = "SQift OSX";
			productReference = 4C29B2E41BFB25C00086A2EF /* SQift.framework */;
			productType = "com.apple.product-type.framework";
		};
		4C29B2EC1BFB25C00086A2EF /* SQift macOS Tests */ = {
			isa = PBXNativeTarget;
			buildConfigurationList = 4C29B2FA1BFB25C00086A2EF /* Build configuration list for PBXNativeTarget "SQift macOS Tests" */;
			buildPhases = (
				4C29B2E91BFB25C00086A2EF /* Sources */,
				4C29B2EA1BFB25C00086A2EF /* Frameworks */,
				4C29B2EB1BFB25C00086A2EF /* Resources */,
			);
			buildRules = (
			);
			dependencies = (
				4C29B2F01BFB25C00086A2EF /* PBXTargetDependency */,
			);
			name = "SQift macOS Tests";
			productName = "SQift OSXTests";
			productReference = 4C29B2ED1BFB25C00086A2EF /* SQift Tests.xctest */;
			productType = "com.apple.product-type.bundle.unit-test";
		};
		4C29B3151BFB28330086A2EF /* SQift tvOS */ = {
			isa = PBXNativeTarget;
			buildConfigurationList = 4C29B3271BFB28330086A2EF /* Build configuration list for PBXNativeTarget "SQift tvOS" */;
			buildPhases = (
				4C29B3111BFB28330086A2EF /* Sources */,
				4C29B3121BFB28330086A2EF /* Frameworks */,
				4C29B3131BFB28330086A2EF /* Headers */,
				4C29B3141BFB28330086A2EF /* Resources */,
			);
			buildRules = (
			);
			dependencies = (
			);
			name = "SQift tvOS";
			productName = "SQift tvOS";
			productReference = 4C29B3161BFB28330086A2EF /* SQift.framework */;
			productType = "com.apple.product-type.framework";
		};
		4C29B31E1BFB28330086A2EF /* SQift tvOS Tests */ = {
			isa = PBXNativeTarget;
			buildConfigurationList = 4C29B32A1BFB28330086A2EF /* Build configuration list for PBXNativeTarget "SQift tvOS Tests" */;
			buildPhases = (
				4C29B31B1BFB28330086A2EF /* Sources */,
				4C29B31C1BFB28330086A2EF /* Frameworks */,
				4C29B31D1BFB28330086A2EF /* Resources */,
			);
			buildRules = (
			);
			dependencies = (
				4C29B3221BFB28330086A2EF /* PBXTargetDependency */,
			);
			name = "SQift tvOS Tests";
			productName = "SQift tvOSTests";
			productReference = 4C29B31F1BFB28330086A2EF /* SQift Tests.xctest */;
			productType = "com.apple.product-type.bundle.unit-test";
		};
		4C3C4CF91BFB2B6F0080A0C6 /* SQift watchOS */ = {
			isa = PBXNativeTarget;
			buildConfigurationList = 4C3C4D011BFB2B6F0080A0C6 /* Build configuration list for PBXNativeTarget "SQift watchOS" */;
			buildPhases = (
				4C3C4CF51BFB2B6F0080A0C6 /* Sources */,
				4C3C4CF61BFB2B6F0080A0C6 /* Frameworks */,
				4C3C4CF71BFB2B6F0080A0C6 /* Headers */,
				4C3C4CF81BFB2B6F0080A0C6 /* Resources */,
			);
			buildRules = (
			);
			dependencies = (
			);
			name = "SQift watchOS";
			productName = "SQift watchOS";
			productReference = 4C3C4CFA1BFB2B6F0080A0C6 /* SQift.framework */;
			productType = "com.apple.product-type.framework";
		};
		4CA8C21D1BF6A49400822606 /* SQift iOS */ = {
			isa = PBXNativeTarget;
			buildConfigurationList = 4CA8C2321BF6A49400822606 /* Build configuration list for PBXNativeTarget "SQift iOS" */;
			buildPhases = (
				4CA8C2191BF6A49400822606 /* Sources */,
				4CA8C21A1BF6A49400822606 /* Frameworks */,
				4CA8C21B1BF6A49400822606 /* Headers */,
				4CA8C21C1BF6A49400822606 /* Resources */,
			);
			buildRules = (
			);
			dependencies = (
			);
			name = "SQift iOS";
			productName = SQift;
			productReference = 4CA8C21E1BF6A49400822606 /* SQift.framework */;
			productType = "com.apple.product-type.framework";
		};
		4CA8C2271BF6A49400822606 /* SQift iOS Tests */ = {
			isa = PBXNativeTarget;
			buildConfigurationList = 4CA8C2351BF6A49400822606 /* Build configuration list for PBXNativeTarget "SQift iOS Tests" */;
			buildPhases = (
				4CA8C2241BF6A49400822606 /* Sources */,
				4CA8C2251BF6A49400822606 /* Frameworks */,
				4CA8C2261BF6A49400822606 /* Resources */,
			);
			buildRules = (
			);
			dependencies = (
				4CA8C22B1BF6A49400822606 /* PBXTargetDependency */,
			);
			name = "SQift iOS Tests";
			productName = SQiftTests;
			productReference = 4CA8C2281BF6A49400822606 /* SQift Tests.xctest */;
			productType = "com.apple.product-type.bundle.unit-test";
		};
/* End PBXNativeTarget section */

/* Begin PBXProject section */
		4CA8C2151BF6A49400822606 /* Project object */ = {
			isa = PBXProject;
			attributes = {
				LastSwiftUpdateCheck = 0710;
				LastUpgradeCheck = 0900;
				ORGANIZATIONNAME = Nike;
				TargetAttributes = {
					4C29B2E31BFB25C00086A2EF = {
						CreatedOnToolsVersion = 7.1;
						LastSwiftMigration = 0900;
						ProvisioningStyle = Manual;
					};
					4C29B2EC1BFB25C00086A2EF = {
						CreatedOnToolsVersion = 7.1;
						LastSwiftMigration = 0900;
					};
					4C29B3151BFB28330086A2EF = {
						CreatedOnToolsVersion = 7.1;
						DevelopmentTeamName = "Nike, Inc.";
						LastSwiftMigration = 0900;
						ProvisioningStyle = Manual;
					};
					4C29B31E1BFB28330086A2EF = {
						CreatedOnToolsVersion = 7.1;
						DevelopmentTeamName = "Nike, Inc.";
						LastSwiftMigration = 0900;
					};
					4C3C4CF91BFB2B6F0080A0C6 = {
						CreatedOnToolsVersion = 7.1;
						DevelopmentTeamName = "Nike, Inc.";
						LastSwiftMigration = 0900;
						ProvisioningStyle = Manual;
					};
					4C7F1E9B1CD3507C00098A83 = {
						CreatedOnToolsVersion = 7.3;
					};
					4CA8C21D1BF6A49400822606 = {
						CreatedOnToolsVersion = 7.1;
						DevelopmentTeamName = "Nike, Inc.";
						LastSwiftMigration = 0900;
						ProvisioningStyle = Manual;
					};
					4CA8C2271BF6A49400822606 = {
						CreatedOnToolsVersion = 7.1;
						DevelopmentTeamName = "Nike, Inc.";
						LastSwiftMigration = 0900;
					};
				};
			};
			buildConfigurationList = 4CA8C2181BF6A49400822606 /* Build configuration list for PBXProject "SQift" */;
			compatibilityVersion = "Xcode 3.2";
			developmentRegion = English;
			hasScannedForEncodings = 0;
			knownRegions = (
				en,
			);
			mainGroup = 4CA8C2141BF6A49400822606;
			productRefGroup = 4CA8C21F1BF6A49400822606 /* Products */;
			projectDirPath = "";
			projectRoot = "";
			targets = (
				4CA8C21D1BF6A49400822606 /* SQift iOS */,
				4CA8C2271BF6A49400822606 /* SQift iOS Tests */,
				4C29B2E31BFB25C00086A2EF /* SQift macOS */,
				4C29B2EC1BFB25C00086A2EF /* SQift macOS Tests */,
				4C29B3151BFB28330086A2EF /* SQift tvOS */,
				4C29B31E1BFB28330086A2EF /* SQift tvOS Tests */,
				4C3C4CF91BFB2B6F0080A0C6 /* SQift watchOS */,
				4C7F1E9B1CD3507C00098A83 /* Cleanup Whitespace */,
			);
		};
/* End PBXProject section */

/* Begin PBXResourcesBuildPhase section */
		4C29B2E21BFB25C00086A2EF /* Resources */ = {
			isa = PBXResourcesBuildPhase;
			buildActionMask = 2147483647;
			files = (
			);
			runOnlyForDeploymentPostprocessing = 0;
		};
		4C29B2EB1BFB25C00086A2EF /* Resources */ = {
			isa = PBXResourcesBuildPhase;
			buildActionMask = 2147483647;
			files = (
			);
			runOnlyForDeploymentPostprocessing = 0;
		};
		4C29B3141BFB28330086A2EF /* Resources */ = {
			isa = PBXResourcesBuildPhase;
			buildActionMask = 2147483647;
			files = (
			);
			runOnlyForDeploymentPostprocessing = 0;
		};
		4C29B31D1BFB28330086A2EF /* Resources */ = {
			isa = PBXResourcesBuildPhase;
			buildActionMask = 2147483647;
			files = (
			);
			runOnlyForDeploymentPostprocessing = 0;
		};
		4C3C4CF81BFB2B6F0080A0C6 /* Resources */ = {
			isa = PBXResourcesBuildPhase;
			buildActionMask = 2147483647;
			files = (
			);
			runOnlyForDeploymentPostprocessing = 0;
		};
		4CA8C21C1BF6A49400822606 /* Resources */ = {
			isa = PBXResourcesBuildPhase;
			buildActionMask = 2147483647;
			files = (
			);
			runOnlyForDeploymentPostprocessing = 0;
		};
		4CA8C2261BF6A49400822606 /* Resources */ = {
			isa = PBXResourcesBuildPhase;
			buildActionMask = 2147483647;
			files = (
			);
			runOnlyForDeploymentPostprocessing = 0;
		};
/* End PBXResourcesBuildPhase section */

/* Begin PBXShellScriptBuildPhase section */
		4C7F1E9F1CD3508200098A83 /* Cleanup Whitespace */ = {
			isa = PBXShellScriptBuildPhase;
			buildActionMask = 2147483647;
			files = (
			);
			inputPaths = (
			);
			name = "Cleanup Whitespace";
			outputPaths = (
			);
			runOnlyForDeploymentPostprocessing = 0;
			shellPath = /bin/sh;
			shellScript = "#!/bin/sh\ndirectories=(Source Tests)\n\nfor directory in \"${directories[@]}\"\ndo\necho \"Cleaning whitespace in directory: $directory\"\nfind $directory -iregex '.*\\.swift' -exec sed -E -i '' -e 's/^ +$//g' {} \\;\ndone\n";
		};
/* End PBXShellScriptBuildPhase section */

/* Begin PBXSourcesBuildPhase section */
		4C29B2DF1BFB25C00086A2EF /* Sources */ = {
			isa = PBXSourcesBuildPhase;
			buildActionMask = 2147483647;
			files = (
				4C6120E31F58BB5200C289C0 /* Statement.swift in Sources */,
				4C6120DF1F58BB5200C289C0 /* ConnectionQueue.swift in Sources */,
				4C34E4271F58D76E006FE2CC /* ExpressibleByRowError.swift in Sources */,
				4C6120E91F58BB5200C289C0 /* SQLiteError.swift in Sources */,
				4C6120E81F58BB5200C289C0 /* StorageLocation.swift in Sources */,
				4C6120EB1F58BB5200C289C0 /* Binding.swift in Sources */,
				4C6120DD1F58BB5200C289C0 /* Connection.swift in Sources */,
				4C6120E71F58BB5200C289C0 /* Migrator.swift in Sources */,
				4C6120DE1F58BB5200C289C0 /* ConnectionPool.swift in Sources */,
				4C6120E01F58BB5200C289C0 /* Collation.swift in Sources */,
				4C6120EA1F58BB5200C289C0 /* StringExtension.swift in Sources */,
				4C6120E41F58BB5200C289C0 /* Trace.swift in Sources */,
				4C6120E21F58BB5200C289C0 /* Query.swift in Sources */,
				4C6120EC1F58BB5200C289C0 /* Row.swift in Sources */,
				4C6120E11F58BB5200C289C0 /* Function.swift in Sources */,
				4C6120E61F58BB5200C289C0 /* Database.swift in Sources */,
				4C6120E51F58BB5200C289C0 /* Transaction.swift in Sources */,
			);
			runOnlyForDeploymentPostprocessing = 0;
		};
		4C29B2E91BFB25C00086A2EF /* Sources */ = {
			isa = PBXSourcesBuildPhase;
			buildActionMask = 2147483647;
			files = (
				4C6121551F58BBE400C289C0 /* FunctionTests.swift in Sources */,
				4C34E42B1F58D781006FE2CC /* ExpressibleByRowErrorTests.swift in Sources */,
				4C6121501F58BBE400C289C0 /* TestTables.swift in Sources */,
				4C61215C1F58BBE400C289C0 /* StringExtensionTests.swift in Sources */,
				4C61215B1F58BBE400C289C0 /* SQLiteErrorTests.swift in Sources */,
				4C61215E1F58BBE400C289C0 /* RowTests.swift in Sources */,
				4C6121571F58BBE400C289C0 /* TraceTests.swift in Sources */,
				4C6121531F58BBE400C289C0 /* ConnectionTests.swift in Sources */,
				4C6121581F58BBE400C289C0 /* TransactionTests.swift in Sources */,
				4C6121521F58BBE400C289C0 /* ConnectionQueueTests.swift in Sources */,
				4C61215A1F58BBE400C289C0 /* MigratorTests.swift in Sources */,
				4C6121561F58BBE400C289C0 /* QueryTests.swift in Sources */,
				4C6121591F58BBE400C289C0 /* DatabaseTests.swift in Sources */,
				4C61214F1F58BBE400C289C0 /* FileManagerExtension.swift in Sources */,
				4C6121511F58BBE400C289C0 /* ConnectionPoolTests.swift in Sources */,
				4C6121541F58BBE400C289C0 /* CollationTests.swift in Sources */,
				4C61215D1F58BBE400C289C0 /* BindingTests.swift in Sources */,
			);
			runOnlyForDeploymentPostprocessing = 0;
		};
		4C29B3111BFB28330086A2EF /* Sources */ = {
			isa = PBXSourcesBuildPhase;
			buildActionMask = 2147483647;
			files = (
				4C6120F31F58BB5200C289C0 /* Statement.swift in Sources */,
				4C6120EF1F58BB5200C289C0 /* ConnectionQueue.swift in Sources */,
				4C34E4261F58D76E006FE2CC /* ExpressibleByRowError.swift in Sources */,
				4C6120F91F58BB5200C289C0 /* SQLiteError.swift in Sources */,
				4C6120F81F58BB5200C289C0 /* StorageLocation.swift in Sources */,
				4C6120FB1F58BB5200C289C0 /* Binding.swift in Sources */,
				4C6120ED1F58BB5200C289C0 /* Connection.swift in Sources */,
				4C6120F71F58BB5200C289C0 /* Migrator.swift in Sources */,
				4C6120EE1F58BB5200C289C0 /* ConnectionPool.swift in Sources */,
				4C6120F01F58BB5200C289C0 /* Collation.swift in Sources */,
				4C6120FA1F58BB5200C289C0 /* StringExtension.swift in Sources */,
				4C6120F41F58BB5200C289C0 /* Trace.swift in Sources */,
				4C6120F21F58BB5200C289C0 /* Query.swift in Sources */,
				4C6120FC1F58BB5200C289C0 /* Row.swift in Sources */,
				4C6120F11F58BB5200C289C0 /* Function.swift in Sources */,
				4C6120F61F58BB5200C289C0 /* Database.swift in Sources */,
				4C6120F51F58BB5200C289C0 /* Transaction.swift in Sources */,
			);
			runOnlyForDeploymentPostprocessing = 0;
		};
		4C29B31B1BFB28330086A2EF /* Sources */ = {
			isa = PBXSourcesBuildPhase;
			buildActionMask = 2147483647;
			files = (
				4C6121651F58BBE400C289C0 /* FunctionTests.swift in Sources */,
				4C34E4291F58D781006FE2CC /* ExpressibleByRowErrorTests.swift in Sources */,
				4C6121601F58BBE400C289C0 /* TestTables.swift in Sources */,
				4C61216C1F58BBE400C289C0 /* StringExtensionTests.swift in Sources */,
				4C61216B1F58BBE400C289C0 /* SQLiteErrorTests.swift in Sources */,
				4C61216E1F58BBE400C289C0 /* RowTests.swift in Sources */,
				4C6121671F58BBE400C289C0 /* TraceTests.swift in Sources */,
				4C6121631F58BBE400C289C0 /* ConnectionTests.swift in Sources */,
				4C6121681F58BBE400C289C0 /* TransactionTests.swift in Sources */,
				4C6121621F58BBE400C289C0 /* ConnectionQueueTests.swift in Sources */,
				4C61216A1F58BBE400C289C0 /* MigratorTests.swift in Sources */,
				4C6121661F58BBE400C289C0 /* QueryTests.swift in Sources */,
				4C6121691F58BBE400C289C0 /* DatabaseTests.swift in Sources */,
				4C61215F1F58BBE400C289C0 /* FileManagerExtension.swift in Sources */,
				4C6121611F58BBE400C289C0 /* ConnectionPoolTests.swift in Sources */,
				4C6121641F58BBE400C289C0 /* CollationTests.swift in Sources */,
				4C61216D1F58BBE400C289C0 /* BindingTests.swift in Sources */,
			);
			runOnlyForDeploymentPostprocessing = 0;
		};
		4C3C4CF51BFB2B6F0080A0C6 /* Sources */ = {
			isa = PBXSourcesBuildPhase;
			buildActionMask = 2147483647;
			files = (
				4C6121031F58BB5300C289C0 /* Statement.swift in Sources */,
				4C6120FF1F58BB5300C289C0 /* ConnectionQueue.swift in Sources */,
				4C34E4241F58D76E006FE2CC /* ExpressibleByRowError.swift in Sources */,
				4C6121091F58BB5300C289C0 /* SQLiteError.swift in Sources */,
				4C6121081F58BB5300C289C0 /* StorageLocation.swift in Sources */,
				4C61210B1F58BB5300C289C0 /* Binding.swift in Sources */,
				4C6120FD1F58BB5300C289C0 /* Connection.swift in Sources */,
				4C6121071F58BB5300C289C0 /* Migrator.swift in Sources */,
				4C6120FE1F58BB5300C289C0 /* ConnectionPool.swift in Sources */,
				4C6121001F58BB5300C289C0 /* Collation.swift in Sources */,
				4C61210A1F58BB5300C289C0 /* StringExtension.swift in Sources */,
				4C6121041F58BB5300C289C0 /* Trace.swift in Sources */,
				4C6121021F58BB5300C289C0 /* Query.swift in Sources */,
				4C61210C1F58BB5300C289C0 /* Row.swift in Sources */,
				4C6121011F58BB5300C289C0 /* Function.swift in Sources */,
				4C6121061F58BB5300C289C0 /* Database.swift in Sources */,
				4C6121051F58BB5300C289C0 /* Transaction.swift in Sources */,
			);
			runOnlyForDeploymentPostprocessing = 0;
		};
		4CA8C2191BF6A49400822606 /* Sources */ = {
			isa = PBXSourcesBuildPhase;
			buildActionMask = 2147483647;
			files = (
				4C6120D31F58BB5100C289C0 /* Statement.swift in Sources */,
				4C6120CF1F58BB5100C289C0 /* ConnectionQueue.swift in Sources */,
				4C34E4251F58D76E006FE2CC /* ExpressibleByRowError.swift in Sources */,
				4C6120D91F58BB5100C289C0 /* SQLiteError.swift in Sources */,
				4C6120D81F58BB5100C289C0 /* StorageLocation.swift in Sources */,
				4C6120DB1F58BB5100C289C0 /* Binding.swift in Sources */,
				4C6120CD1F58BB5100C289C0 /* Connection.swift in Sources */,
				4C6120D71F58BB5100C289C0 /* Migrator.swift in Sources */,
				4C6120CE1F58BB5100C289C0 /* ConnectionPool.swift in Sources */,
				4C6120D01F58BB5100C289C0 /* Collation.swift in Sources */,
				4C6120DA1F58BB5100C289C0 /* StringExtension.swift in Sources */,
				4C6120D41F58BB5100C289C0 /* Trace.swift in Sources */,
				4C6120D21F58BB5100C289C0 /* Query.swift in Sources */,
				4C6120DC1F58BB5100C289C0 /* Row.swift in Sources */,
				4C6120D11F58BB5100C289C0 /* Function.swift in Sources */,
				4C6120D61F58BB5100C289C0 /* Database.swift in Sources */,
				4C6120D51F58BB5100C289C0 /* Transaction.swift in Sources */,
			);
			runOnlyForDeploymentPostprocessing = 0;
		};
		4CA8C2241BF6A49400822606 /* Sources */ = {
			isa = PBXSourcesBuildPhase;
			buildActionMask = 2147483647;
			files = (
				4C6121451F58BBE300C289C0 /* FunctionTests.swift in Sources */,
				4C34E42A1F58D781006FE2CC /* ExpressibleByRowErrorTests.swift in Sources */,
				4C6121401F58BBE300C289C0 /* TestTables.swift in Sources */,
				4C61214C1F58BBE300C289C0 /* StringExtensionTests.swift in Sources */,
				4C61214B1F58BBE300C289C0 /* SQLiteErrorTests.swift in Sources */,
				4C61214E1F58BBE300C289C0 /* RowTests.swift in Sources */,
				4C6121471F58BBE300C289C0 /* TraceTests.swift in Sources */,
				4C6121431F58BBE300C289C0 /* ConnectionTests.swift in Sources */,
				4C6121481F58BBE300C289C0 /* TransactionTests.swift in Sources */,
				4C6121421F58BBE300C289C0 /* ConnectionQueueTests.swift in Sources */,
				4C61214A1F58BBE300C289C0 /* MigratorTests.swift in Sources */,
				4C6121461F58BBE300C289C0 /* QueryTests.swift in Sources */,
				4C6121491F58BBE300C289C0 /* DatabaseTests.swift in Sources */,
				4C61213F1F58BBE300C289C0 /* FileManagerExtension.swift in Sources */,
				4C6121411F58BBE300C289C0 /* ConnectionPoolTests.swift in Sources */,
				4C6121441F58BBE300C289C0 /* CollationTests.swift in Sources */,
				4C61214D1F58BBE300C289C0 /* BindingTests.swift in Sources */,
			);
			runOnlyForDeploymentPostprocessing = 0;
		};
/* End PBXSourcesBuildPhase section */

/* Begin PBXTargetDependency section */
		4C29B2F01BFB25C00086A2EF /* PBXTargetDependency */ = {
			isa = PBXTargetDependency;
			target = 4C29B2E31BFB25C00086A2EF /* SQift macOS */;
			targetProxy = 4C29B2EF1BFB25C00086A2EF /* PBXContainerItemProxy */;
		};
		4C29B3221BFB28330086A2EF /* PBXTargetDependency */ = {
			isa = PBXTargetDependency;
			target = 4C29B3151BFB28330086A2EF /* SQift tvOS */;
			targetProxy = 4C29B3211BFB28330086A2EF /* PBXContainerItemProxy */;
		};
		4CA8C22B1BF6A49400822606 /* PBXTargetDependency */ = {
			isa = PBXTargetDependency;
			target = 4CA8C21D1BF6A49400822606 /* SQift iOS */;
			targetProxy = 4CA8C22A1BF6A49400822606 /* PBXContainerItemProxy */;
		};
/* End PBXTargetDependency section */

/* Begin XCBuildConfiguration section */
		4C29B2F51BFB25C00086A2EF /* Debug */ = {
			isa = XCBuildConfiguration;
			buildSettings = {
				APPLICATION_EXTENSION_API_ONLY = YES;
				CODE_SIGN_IDENTITY = "";
				COMBINE_HIDPI_IMAGES = YES;
				DEFINES_MODULE = YES;
				DYLIB_COMPATIBILITY_VERSION = 1;
				DYLIB_CURRENT_VERSION = 1;
				DYLIB_INSTALL_NAME_BASE = "@rpath";
				FRAMEWORK_VERSION = A;
				GCC_PREPROCESSOR_DEFINITIONS = (
					"DEBUG=1",
					"$(inherited)",
					"SQLITE_HAS_CODEC=1",
				);
				INFOPLIST_FILE = "Source/Supporting Files/Info.plist";
				INSTALL_PATH = "$(LOCAL_LIBRARY_DIR)/Frameworks";
				LD_RUNPATH_SEARCH_PATHS = "$(inherited) @executable_path/../Frameworks @loader_path/Frameworks";
				OTHER_LDFLAGS = "-lsqlite3";
				PRODUCT_BUNDLE_IDENTIFIER = com.nike.SQift;
				PRODUCT_NAME = SQift;
				SDKROOT = macosx;
				SKIP_INSTALL = YES;
			};
			name = Debug;
		};
		4C29B2F61BFB25C00086A2EF /* Release */ = {
			isa = XCBuildConfiguration;
			buildSettings = {
				APPLICATION_EXTENSION_API_ONLY = YES;
				CODE_SIGN_IDENTITY = "";
				COMBINE_HIDPI_IMAGES = YES;
				DEFINES_MODULE = YES;
				DYLIB_COMPATIBILITY_VERSION = 1;
				DYLIB_CURRENT_VERSION = 1;
				DYLIB_INSTALL_NAME_BASE = "@rpath";
				FRAMEWORK_VERSION = A;
				GCC_PREPROCESSOR_DEFINITIONS = "SQLITE_HAS_CODEC=1";
				INFOPLIST_FILE = "Source/Supporting Files/Info.plist";
				INSTALL_PATH = "$(LOCAL_LIBRARY_DIR)/Frameworks";
				LD_RUNPATH_SEARCH_PATHS = "$(inherited) @executable_path/../Frameworks @loader_path/Frameworks";
				OTHER_LDFLAGS = "-lsqlite3";
				PRODUCT_BUNDLE_IDENTIFIER = com.nike.SQift;
				PRODUCT_NAME = SQift;
				SDKROOT = macosx;
				SKIP_INSTALL = YES;
			};
			name = Release;
		};
		4C29B2F71BFB25C00086A2EF /* Debug */ = {
			isa = XCBuildConfiguration;
			buildSettings = {
				ALWAYS_EMBED_SWIFT_STANDARD_LIBRARIES = YES;
				CODE_SIGN_IDENTITY = "";
				COMBINE_HIDPI_IMAGES = YES;
				INFOPLIST_FILE = "Tests/Supporting Files/Info.plist";
				LD_RUNPATH_SEARCH_PATHS = "$(inherited) @executable_path/../Frameworks @loader_path/../Frameworks";
				PRODUCT_BUNDLE_IDENTIFIER = "com.nike.SQift-Tests";
				PRODUCT_NAME = "SQift Tests";
				SDKROOT = macosx;
			};
			name = Debug;
		};
		4C29B2F81BFB25C00086A2EF /* Release */ = {
			isa = XCBuildConfiguration;
			buildSettings = {
				ALWAYS_EMBED_SWIFT_STANDARD_LIBRARIES = YES;
				CODE_SIGN_IDENTITY = "";
				COMBINE_HIDPI_IMAGES = YES;
				INFOPLIST_FILE = "Tests/Supporting Files/Info.plist";
				LD_RUNPATH_SEARCH_PATHS = "$(inherited) @executable_path/../Frameworks @loader_path/../Frameworks";
				PRODUCT_BUNDLE_IDENTIFIER = "com.nike.SQift-Tests";
				PRODUCT_NAME = "SQift Tests";
				SDKROOT = macosx;
			};
			name = Release;
		};
		4C29B3281BFB28330086A2EF /* Debug */ = {
			isa = XCBuildConfiguration;
			buildSettings = {
				APPLICATION_EXTENSION_API_ONLY = YES;
				DEFINES_MODULE = YES;
				DYLIB_COMPATIBILITY_VERSION = 1;
				DYLIB_CURRENT_VERSION = 1;
				DYLIB_INSTALL_NAME_BASE = "@rpath";
				GCC_PREPROCESSOR_DEFINITIONS = (
					"DEBUG=1",
					"$(inherited)",
					"SQLITE_HAS_CODEC=1",
				);
				INFOPLIST_FILE = "Source/Supporting Files/Info-tvOS.plist";
				INSTALL_PATH = "$(LOCAL_LIBRARY_DIR)/Frameworks";
				LD_RUNPATH_SEARCH_PATHS = "$(inherited) @executable_path/Frameworks @loader_path/Frameworks";
				OTHER_LDFLAGS = "-lsqlite3";
				PRODUCT_BUNDLE_IDENTIFIER = com.nike.SQift;
				PRODUCT_NAME = SQift;
				SDKROOT = appletvos;
				SKIP_INSTALL = YES;
				TARGETED_DEVICE_FAMILY = 3;
			};
			name = Debug;
		};
		4C29B3291BFB28330086A2EF /* Release */ = {
			isa = XCBuildConfiguration;
			buildSettings = {
				APPLICATION_EXTENSION_API_ONLY = YES;
				DEFINES_MODULE = YES;
				DYLIB_COMPATIBILITY_VERSION = 1;
				DYLIB_CURRENT_VERSION = 1;
				DYLIB_INSTALL_NAME_BASE = "@rpath";
				GCC_PREPROCESSOR_DEFINITIONS = "SQLITE_HAS_CODEC=1";
				INFOPLIST_FILE = "Source/Supporting Files/Info-tvOS.plist";
				INSTALL_PATH = "$(LOCAL_LIBRARY_DIR)/Frameworks";
				LD_RUNPATH_SEARCH_PATHS = "$(inherited) @executable_path/Frameworks @loader_path/Frameworks";
				OTHER_LDFLAGS = "-lsqlite3";
				PRODUCT_BUNDLE_IDENTIFIER = com.nike.SQift;
				PRODUCT_NAME = SQift;
				SDKROOT = appletvos;
				SKIP_INSTALL = YES;
				TARGETED_DEVICE_FAMILY = 3;
			};
			name = Release;
		};
		4C29B32B1BFB28330086A2EF /* Debug */ = {
			isa = XCBuildConfiguration;
			buildSettings = {
				ALWAYS_EMBED_SWIFT_STANDARD_LIBRARIES = YES;
				INFOPLIST_FILE = "Tests/Supporting Files/Info.plist";
				LD_RUNPATH_SEARCH_PATHS = "$(inherited) @executable_path/Frameworks @loader_path/Frameworks";
				PRODUCT_BUNDLE_IDENTIFIER = "com.nike.SQift-Tests";
				PRODUCT_NAME = "SQift Tests";
				SDKROOT = appletvos;
			};
			name = Debug;
		};
		4C29B32C1BFB28330086A2EF /* Release */ = {
			isa = XCBuildConfiguration;
			buildSettings = {
				ALWAYS_EMBED_SWIFT_STANDARD_LIBRARIES = YES;
				INFOPLIST_FILE = "Tests/Supporting Files/Info.plist";
				LD_RUNPATH_SEARCH_PATHS = "$(inherited) @executable_path/Frameworks @loader_path/Frameworks";
				PRODUCT_BUNDLE_IDENTIFIER = "com.nike.SQift-Tests";
				PRODUCT_NAME = "SQift Tests";
				SDKROOT = appletvos;
			};
			name = Release;
		};
		4C3C4CFF1BFB2B6F0080A0C6 /* Debug */ = {
			isa = XCBuildConfiguration;
			buildSettings = {
				APPLICATION_EXTENSION_API_ONLY = YES;
				DEFINES_MODULE = YES;
				DYLIB_COMPATIBILITY_VERSION = 1;
				DYLIB_CURRENT_VERSION = 1;
				DYLIB_INSTALL_NAME_BASE = "@rpath";
				GCC_PREPROCESSOR_DEFINITIONS = (
					"DEBUG=1",
					"$(inherited)",
					"SQLITE_HAS_CODEC=1",
				);
				INFOPLIST_FILE = "Source/Supporting Files/Info.plist";
				INSTALL_PATH = "$(LOCAL_LIBRARY_DIR)/Frameworks";
				LD_RUNPATH_SEARCH_PATHS = "$(inherited) @executable_path/Frameworks @loader_path/Frameworks";
				OTHER_LDFLAGS = "-lsqlite3";
				PRODUCT_BUNDLE_IDENTIFIER = com.nike.SQift;
				PRODUCT_NAME = SQift;
				SDKROOT = watchos;
				SKIP_INSTALL = YES;
				TARGETED_DEVICE_FAMILY = 4;
			};
			name = Debug;
		};
		4C3C4D001BFB2B6F0080A0C6 /* Release */ = {
			isa = XCBuildConfiguration;
			buildSettings = {
				APPLICATION_EXTENSION_API_ONLY = YES;
				DEFINES_MODULE = YES;
				DYLIB_COMPATIBILITY_VERSION = 1;
				DYLIB_CURRENT_VERSION = 1;
				DYLIB_INSTALL_NAME_BASE = "@rpath";
				GCC_PREPROCESSOR_DEFINITIONS = "SQLITE_HAS_CODEC=1";
				INFOPLIST_FILE = "Source/Supporting Files/Info.plist";
				INSTALL_PATH = "$(LOCAL_LIBRARY_DIR)/Frameworks";
				LD_RUNPATH_SEARCH_PATHS = "$(inherited) @executable_path/Frameworks @loader_path/Frameworks";
				OTHER_LDFLAGS = "-lsqlite3";
				PRODUCT_BUNDLE_IDENTIFIER = com.nike.SQift;
				PRODUCT_NAME = SQift;
				SDKROOT = watchos;
				SKIP_INSTALL = YES;
				TARGETED_DEVICE_FAMILY = 4;
			};
			name = Release;
		};
		4C7F1E9C1CD3507C00098A83 /* Debug */ = {
			isa = XCBuildConfiguration;
			buildSettings = {
				PRODUCT_NAME = "$(TARGET_NAME)";
			};
			name = Debug;
		};
		4C7F1E9D1CD3507C00098A83 /* Release */ = {
			isa = XCBuildConfiguration;
			buildSettings = {
				PRODUCT_NAME = "$(TARGET_NAME)";
			};
			name = Release;
		};
		4CA8C2301BF6A49400822606 /* Debug */ = {
			isa = XCBuildConfiguration;
			buildSettings = {
				ALWAYS_SEARCH_USER_PATHS = NO;
				CLANG_CXX_LANGUAGE_STANDARD = "gnu++0x";
				CLANG_ENABLE_MODULES = YES;
				CLANG_ENABLE_OBJC_ARC = YES;
				CLANG_WARN_BLOCK_CAPTURE_AUTORELEASING = YES;
				CLANG_WARN_BOOL_CONVERSION = YES;
				CLANG_WARN_COMMA = YES;
				CLANG_WARN_CONSTANT_CONVERSION = YES;
				CLANG_WARN_DIRECT_OBJC_ISA_USAGE = YES_ERROR;
				CLANG_WARN_EMPTY_BODY = YES;
				CLANG_WARN_ENUM_CONVERSION = YES;
				CLANG_WARN_INFINITE_RECURSION = YES;
				CLANG_WARN_INT_CONVERSION = YES;
				CLANG_WARN_NON_LITERAL_NULL_CONVERSION = YES;
				CLANG_WARN_OBJC_LITERAL_CONVERSION = YES;
				CLANG_WARN_OBJC_ROOT_CLASS = YES_ERROR;
				CLANG_WARN_RANGE_LOOP_ANALYSIS = YES;
				CLANG_WARN_STRICT_PROTOTYPES = YES;
				CLANG_WARN_SUSPICIOUS_MOVE = YES;
				CLANG_WARN_UNREACHABLE_CODE = YES;
				CLANG_WARN__DUPLICATE_METHOD_MATCH = YES;
				CODE_SIGN_IDENTITY = "iPhone Developer";
				"CODE_SIGN_IDENTITY[sdk=iphoneos*]" = "iPhone Developer";
				COPY_PHASE_STRIP = NO;
				CURRENT_PROJECT_VERSION = 1;
				DEBUG_INFORMATION_FORMAT = dwarf;
				ENABLE_STRICT_OBJC_MSGSEND = YES;
				ENABLE_TESTABILITY = YES;
				GCC_C_LANGUAGE_STANDARD = gnu99;
				GCC_DYNAMIC_NO_PIC = NO;
				GCC_NO_COMMON_BLOCKS = YES;
				GCC_OPTIMIZATION_LEVEL = 0;
				GCC_PREPROCESSOR_DEFINITIONS = (
					"DEBUG=1",
					"$(inherited)",
				);
				GCC_WARN_64_TO_32_BIT_CONVERSION = YES;
				GCC_WARN_ABOUT_RETURN_TYPE = YES_ERROR;
				GCC_WARN_UNDECLARED_SELECTOR = YES;
				GCC_WARN_UNINITIALIZED_AUTOS = YES_AGGRESSIVE;
				GCC_WARN_UNUSED_FUNCTION = YES;
				GCC_WARN_UNUSED_VARIABLE = YES;
				IPHONEOS_DEPLOYMENT_TARGET = 9.0;
				MACOSX_DEPLOYMENT_TARGET = 10.11;
				MTL_ENABLE_DEBUG_INFO = YES;
				ONLY_ACTIVE_ARCH = YES;
				SDKROOT = iphoneos;
				SWIFT_OPTIMIZATION_LEVEL = "-Onone";
				SWIFT_VERSION = 4.0;
				TARGETED_DEVICE_FAMILY = "1,2";
				TVOS_DEPLOYMENT_TARGET = 9.0;
				VERSIONING_SYSTEM = "apple-generic";
				VERSION_INFO_PREFIX = "";
				WATCHOS_DEPLOYMENT_TARGET = 2.0;
			};
			name = Debug;
		};
		4CA8C2311BF6A49400822606 /* Release */ = {
			isa = XCBuildConfiguration;
			buildSettings = {
				ALWAYS_SEARCH_USER_PATHS = NO;
				CLANG_CXX_LANGUAGE_STANDARD = "gnu++0x";
				CLANG_ENABLE_MODULES = YES;
				CLANG_ENABLE_OBJC_ARC = YES;
				CLANG_WARN_BLOCK_CAPTURE_AUTORELEASING = YES;
				CLANG_WARN_BOOL_CONVERSION = YES;
				CLANG_WARN_COMMA = YES;
				CLANG_WARN_CONSTANT_CONVERSION = YES;
				CLANG_WARN_DIRECT_OBJC_ISA_USAGE = YES_ERROR;
				CLANG_WARN_EMPTY_BODY = YES;
				CLANG_WARN_ENUM_CONVERSION = YES;
				CLANG_WARN_INFINITE_RECURSION = YES;
				CLANG_WARN_INT_CONVERSION = YES;
				CLANG_WARN_NON_LITERAL_NULL_CONVERSION = YES;
				CLANG_WARN_OBJC_LITERAL_CONVERSION = YES;
				CLANG_WARN_OBJC_ROOT_CLASS = YES_ERROR;
				CLANG_WARN_RANGE_LOOP_ANALYSIS = YES;
				CLANG_WARN_STRICT_PROTOTYPES = YES;
				CLANG_WARN_SUSPICIOUS_MOVE = YES;
				CLANG_WARN_UNREACHABLE_CODE = YES;
				CLANG_WARN__DUPLICATE_METHOD_MATCH = YES;
				CODE_SIGN_IDENTITY = "iPhone Developer";
				"CODE_SIGN_IDENTITY[sdk=iphoneos*]" = "iPhone Developer";
				COPY_PHASE_STRIP = NO;
				CURRENT_PROJECT_VERSION = 1;
				DEBUG_INFORMATION_FORMAT = "dwarf-with-dsym";
				ENABLE_NS_ASSERTIONS = NO;
				ENABLE_STRICT_OBJC_MSGSEND = YES;
				GCC_C_LANGUAGE_STANDARD = gnu99;
				GCC_NO_COMMON_BLOCKS = YES;
				GCC_WARN_64_TO_32_BIT_CONVERSION = YES;
				GCC_WARN_ABOUT_RETURN_TYPE = YES_ERROR;
				GCC_WARN_UNDECLARED_SELECTOR = YES;
				GCC_WARN_UNINITIALIZED_AUTOS = YES_AGGRESSIVE;
				GCC_WARN_UNUSED_FUNCTION = YES;
				GCC_WARN_UNUSED_VARIABLE = YES;
				IPHONEOS_DEPLOYMENT_TARGET = 9.0;
				MACOSX_DEPLOYMENT_TARGET = 10.11;
				MTL_ENABLE_DEBUG_INFO = NO;
				SDKROOT = iphoneos;
				SWIFT_OPTIMIZATION_LEVEL = "-Owholemodule";
				SWIFT_VERSION = 4.0;
				TARGETED_DEVICE_FAMILY = "1,2";
				TVOS_DEPLOYMENT_TARGET = 9.0;
				VALIDATE_PRODUCT = YES;
				VERSIONING_SYSTEM = "apple-generic";
				VERSION_INFO_PREFIX = "";
				WATCHOS_DEPLOYMENT_TARGET = 2.0;
			};
			name = Release;
		};
		4CA8C2331BF6A49400822606 /* Debug */ = {
			isa = XCBuildConfiguration;
			buildSettings = {
				APPLICATION_EXTENSION_API_ONLY = YES;
				DEFINES_MODULE = YES;
				DYLIB_COMPATIBILITY_VERSION = 1;
				DYLIB_CURRENT_VERSION = 1;
				DYLIB_INSTALL_NAME_BASE = "@rpath";
				GCC_PREPROCESSOR_DEFINITIONS = (
					"DEBUG=1",
					"$(inherited)",
					"SQLITE_HAS_CODEC=1",
				);
				INFOPLIST_FILE = "Source/Supporting Files/Info.plist";
				INSTALL_PATH = "$(LOCAL_LIBRARY_DIR)/Frameworks";
				LD_RUNPATH_SEARCH_PATHS = "$(inherited) @executable_path/Frameworks @loader_path/Frameworks";
				OTHER_LDFLAGS = "-lsqlite3";
				PRODUCT_BUNDLE_IDENTIFIER = com.nike.SQift;
				PRODUCT_NAME = SQift;
				SKIP_INSTALL = YES;
			};
			name = Debug;
		};
		4CA8C2341BF6A49400822606 /* Release */ = {
			isa = XCBuildConfiguration;
			buildSettings = {
				APPLICATION_EXTENSION_API_ONLY = YES;
				DEFINES_MODULE = YES;
				DYLIB_COMPATIBILITY_VERSION = 1;
				DYLIB_CURRENT_VERSION = 1;
				DYLIB_INSTALL_NAME_BASE = "@rpath";
				GCC_PREPROCESSOR_DEFINITIONS = "SQLITE_HAS_CODEC=1";
				INFOPLIST_FILE = "Source/Supporting Files/Info.plist";
				INSTALL_PATH = "$(LOCAL_LIBRARY_DIR)/Frameworks";
				LD_RUNPATH_SEARCH_PATHS = "$(inherited) @executable_path/Frameworks @loader_path/Frameworks";
				OTHER_LDFLAGS = "-lsqlite3";
				PRODUCT_BUNDLE_IDENTIFIER = com.nike.SQift;
				PRODUCT_NAME = SQift;
				SKIP_INSTALL = YES;
			};
			name = Release;
		};
		4CA8C2361BF6A49400822606 /* Debug */ = {
			isa = XCBuildConfiguration;
			buildSettings = {
				ALWAYS_EMBED_SWIFT_STANDARD_LIBRARIES = YES;
				INFOPLIST_FILE = "Tests/Supporting Files/Info.plist";
				LD_RUNPATH_SEARCH_PATHS = "$(inherited) @executable_path/Frameworks @loader_path/Frameworks";
				PRODUCT_BUNDLE_IDENTIFIER = "com.nike.SQift-Tests";
				PRODUCT_NAME = "SQift Tests";
			};
			name = Debug;
		};
		4CA8C2371BF6A49400822606 /* Release */ = {
			isa = XCBuildConfiguration;
			buildSettings = {
				ALWAYS_EMBED_SWIFT_STANDARD_LIBRARIES = YES;
				INFOPLIST_FILE = "Tests/Supporting Files/Info.plist";
				LD_RUNPATH_SEARCH_PATHS = "$(inherited) @executable_path/Frameworks @loader_path/Frameworks";
				PRODUCT_BUNDLE_IDENTIFIER = "com.nike.SQift-Tests";
				PRODUCT_NAME = "SQift Tests";
			};
			name = Release;
		};
/* End XCBuildConfiguration section */

/* Begin XCConfigurationList section */
		4C29B2F91BFB25C00086A2EF /* Build configuration list for PBXNativeTarget "SQift macOS" */ = {
			isa = XCConfigurationList;
			buildConfigurations = (
				4C29B2F51BFB25C00086A2EF /* Debug */,
				4C29B2F61BFB25C00086A2EF /* Release */,
			);
			defaultConfigurationIsVisible = 0;
			defaultConfigurationName = Release;
		};
		4C29B2FA1BFB25C00086A2EF /* Build configuration list for PBXNativeTarget "SQift macOS Tests" */ = {
			isa = XCConfigurationList;
			buildConfigurations = (
				4C29B2F71BFB25C00086A2EF /* Debug */,
				4C29B2F81BFB25C00086A2EF /* Release */,
			);
			defaultConfigurationIsVisible = 0;
			defaultConfigurationName = Release;
		};
		4C29B3271BFB28330086A2EF /* Build configuration list for PBXNativeTarget "SQift tvOS" */ = {
			isa = XCConfigurationList;
			buildConfigurations = (
				4C29B3281BFB28330086A2EF /* Debug */,
				4C29B3291BFB28330086A2EF /* Release */,
			);
			defaultConfigurationIsVisible = 0;
			defaultConfigurationName = Release;
		};
		4C29B32A1BFB28330086A2EF /* Build configuration list for PBXNativeTarget "SQift tvOS Tests" */ = {
			isa = XCConfigurationList;
			buildConfigurations = (
				4C29B32B1BFB28330086A2EF /* Debug */,
				4C29B32C1BFB28330086A2EF /* Release */,
			);
			defaultConfigurationIsVisible = 0;
			defaultConfigurationName = Release;
		};
		4C3C4D011BFB2B6F0080A0C6 /* Build configuration list for PBXNativeTarget "SQift watchOS" */ = {
			isa = XCConfigurationList;
			buildConfigurations = (
				4C3C4CFF1BFB2B6F0080A0C6 /* Debug */,
				4C3C4D001BFB2B6F0080A0C6 /* Release */,
			);
			defaultConfigurationIsVisible = 0;
			defaultConfigurationName = Release;
		};
		4C7F1E9E1CD3507C00098A83 /* Build configuration list for PBXAggregateTarget "Cleanup Whitespace" */ = {
			isa = XCConfigurationList;
			buildConfigurations = (
				4C7F1E9C1CD3507C00098A83 /* Debug */,
				4C7F1E9D1CD3507C00098A83 /* Release */,
			);
			defaultConfigurationIsVisible = 0;
			defaultConfigurationName = Release;
		};
		4CA8C2181BF6A49400822606 /* Build configuration list for PBXProject "SQift" */ = {
			isa = XCConfigurationList;
			buildConfigurations = (
				4CA8C2301BF6A49400822606 /* Debug */,
				4CA8C2311BF6A49400822606 /* Release */,
			);
			defaultConfigurationIsVisible = 0;
			defaultConfigurationName = Release;
		};
		4CA8C2321BF6A49400822606 /* Build configuration list for PBXNativeTarget "SQift iOS" */ = {
			isa = XCConfigurationList;
			buildConfigurations = (
				4CA8C2331BF6A49400822606 /* Debug */,
				4CA8C2341BF6A49400822606 /* Release */,
			);
			defaultConfigurationIsVisible = 0;
			defaultConfigurationName = Release;
		};
		4CA8C2351BF6A49400822606 /* Build configuration list for PBXNativeTarget "SQift iOS Tests" */ = {
			isa = XCConfigurationList;
			buildConfigurations = (
				4CA8C2361BF6A49400822606 /* Debug */,
				4CA8C2371BF6A49400822606 /* Release */,
			);
			defaultConfigurationIsVisible = 0;
			defaultConfigurationName = Release;
		};
/* End XCConfigurationList section */
	};
	rootObject = 4CA8C2151BF6A49400822606 /* Project object */;
}
